
Microsoft Visual Studio Solution File, Format Version 12.00
# Visual Studio Version 16
VisualStudioVersion = 16.0.31112.23
MinimumVisualStudioVersion = 10.0.40219.1
Project("{9A19103F-16F7-4668-BE54-9A1E7A4F7556}") = "ExampleSignalRCoreProject", "ExampleSignalRCoreProject\ExampleSignalRCoreProject.csproj", "{5A015A45-3E94-4B15-A301-03DDAAD7811F}"
EndProject
Project("{2150E333-8FDC-42A3-9474-1A3956D46DE8}") = "Solution Items", "Solution Items", "{46013C35-7CE5-4B71-9BA3-EB87B751D792}"
	ProjectSection(SolutionItems) = preProject
		Directory.Build.props = Directory.Build.props
		Global.ruleset = Global.ruleset
		stylecop.json = stylecop.json
	EndProjectSection
EndProject
Project("{2150E333-8FDC-42A3-9474-1A3956D46DE8}") = "Src", "Src", "{6CC8050D-EC8F-4672-AB97-FA61AD6A47E3}"
EndProject
Project("{9A19103F-16F7-4668-BE54-9A1E7A4F7556}") = "SignalR_UnitTestingSupportCommon", "SignalR_UnitTestingSupportCommon\SignalR_UnitTestingSupportCommon.csproj", "{277ED0E1-6631-4916-876D-8187B12301F9}"
EndProject
Project("{2150E333-8FDC-42A3-9474-1A3956D46DE8}") = "Tests", "Tests", "{24BD3EB5-B4AF-4D3D-A139-37D1C5C00BF1}"
EndProject
Project("{9A19103F-16F7-4668-BE54-9A1E7A4F7556}") = "TestsWithIHubContextSupport", "TestsWithIHubContextSupport\TestsWithIHubContextSupport.csproj", "{9FCB14D3-660F-4530-A756-30C94CF20E36}"
EndProject
Project("{9A19103F-16F7-4668-BE54-9A1E7A4F7556}") = "TestsWithUnitTestingSupport", "TestsWithUnitTestingSupport\TestsWithUnitTestingSupport.csproj", "{1AAC5EED-61AB-405C-AFCE-C62AACA232E9}"
EndProject
Project("{9A19103F-16F7-4668-BE54-9A1E7A4F7556}") = "SignalR_UnitTestingSupport", "SignalR_UnitTestingSupport\SignalR_UnitTestingSupport.csproj", "{F9256836-5257-4C1C-9ED1-0DB2233407D4}"
EndProject
Global
	GlobalSection(SolutionConfigurationPlatforms) = preSolution
		Debug|Any CPU = Debug|Any CPU
		Release|Any CPU = Release|Any CPU
	EndGlobalSection
	GlobalSection(ProjectConfigurationPlatforms) = postSolution
		{5A015A45-3E94-4B15-A301-03DDAAD7811F}.Debug|Any CPU.ActiveCfg = Debug|Any CPU
		{5A015A45-3E94-4B15-A301-03DDAAD7811F}.Debug|Any CPU.Build.0 = Debug|Any CPU
		{5A015A45-3E94-4B15-A301-03DDAAD7811F}.Release|Any CPU.ActiveCfg = Release|Any CPU
		{5A015A45-3E94-4B15-A301-03DDAAD7811F}.Release|Any CPU.Build.0 = Release|Any CPU
		{277ED0E1-6631-4916-876D-8187B12301F9}.Debug|Any CPU.ActiveCfg = Debug|Any CPU
		{277ED0E1-6631-4916-876D-8187B12301F9}.Debug|Any CPU.Build.0 = Debug|Any CPU
		{277ED0E1-6631-4916-876D-8187B12301F9}.Release|Any CPU.ActiveCfg = Release|Any CPU
		{277ED0E1-6631-4916-876D-8187B12301F9}.Release|Any CPU.Build.0 = Release|Any CPU
		{9FCB14D3-660F-4530-A756-30C94CF20E36}.Debug|Any CPU.ActiveCfg = Debug|Any CPU
		{9FCB14D3-660F-4530-A756-30C94CF20E36}.Debug|Any CPU.Build.0 = Debug|Any CPU
		{9FCB14D3-660F-4530-A756-30C94CF20E36}.Release|Any CPU.ActiveCfg = Release|Any CPU
		{9FCB14D3-660F-4530-A756-30C94CF20E36}.Release|Any CPU.Build.0 = Release|Any CPU
		{1AAC5EED-61AB-405C-AFCE-C62AACA232E9}.Debug|Any CPU.ActiveCfg = Debug|Any CPU
		{1AAC5EED-61AB-405C-AFCE-C62AACA232E9}.Debug|Any CPU.Build.0 = Debug|Any CPU
		{1AAC5EED-61AB-405C-AFCE-C62AACA232E9}.Release|Any CPU.ActiveCfg = Release|Any CPU
		{1AAC5EED-61AB-405C-AFCE-C62AACA232E9}.Release|Any CPU.Build.0 = Release|Any CPU
		{F9256836-5257-4C1C-9ED1-0DB2233407D4}.Debug|Any CPU.ActiveCfg = Debug|Any CPU
		{F9256836-5257-4C1C-9ED1-0DB2233407D4}.Debug|Any CPU.Build.0 = Debug|Any CPU
		{F9256836-5257-4C1C-9ED1-0DB2233407D4}.Release|Any CPU.ActiveCfg = Release|Any CPU
		{F9256836-5257-4C1C-9ED1-0DB2233407D4}.Release|Any CPU.Build.0 = Release|Any CPU
	EndGlobalSection
	GlobalSection(SolutionProperties) = preSolution
		HideSolutionNode = FALSE
	EndGlobalSection
	GlobalSection(NestedProjects) = preSolution
		{277ED0E1-6631-4916-876D-8187B12301F9} = {6CC8050D-EC8F-4672-AB97-FA61AD6A47E3}
		{9FCB14D3-660F-4530-A756-30C94CF20E36} = {24BD3EB5-B4AF-4D3D-A139-37D1C5C00BF1}
		{1AAC5EED-61AB-405C-AFCE-C62AACA232E9} = {24BD3EB5-B4AF-4D3D-A139-37D1C5C00BF1}
		{F9256836-5257-4C1C-9ED1-0DB2233407D4} = {6CC8050D-EC8F-4672-AB97-FA61AD6A47E3}
	EndGlobalSection
	GlobalSection(ExtensibilityGlobals) = postSolution
		SolutionGuid = {107302CE-994A-4030-927F-080820DE26A8}
	EndGlobalSection
EndGlobal
